
Microsoft Visual Studio Solution File, Format Version 12.00
# Visual Studio 14
VisualStudioVersion = 14.0.25420.1
MinimumVisualStudioVersion = 10.0.40219.1
Project("{FAE04EC0-301F-11D3-BF4B-00C04F79EFBC}") = "WPFServer", "WpfClientServerTest\WPFServer.csproj", "{5FFF4884-C685-4AB6-8206-0B0A4CCF8CE0}"
EndProject
Project("{FAE04EC0-301F-11D3-BF4B-00C04F79EFBC}") = "WPFClient", "WpfConnectClient\WPFClient.csproj", "{58F01B03-F0CB-4DF5-B43C-BFCA578975CB}"
EndProject
Project("{FAE04EC0-301F-11D3-BF4B-00C04F79EFBC}") = "EmigrationObject", "EmigrationObject\EmigrationObject.csproj", "{CC553DF3-606F-49D1-A75B-03E292FD8CE6}"
EndProject
Project("{FAE04EC0-301F-11D3-BF4B-00C04F79EFBC}") = "Updater", "Updater\Updater.csproj", "{DB659B1D-983A-4288-86C5-C117B707CD91}"
EndProject
Global
	GlobalSection(SolutionConfigurationPlatforms) = preSolution
		Debug|Any CPU = Debug|Any CPU
		Release|Any CPU = Release|Any CPU
	EndGlobalSection
	GlobalSection(ProjectConfigurationPlatforms) = postSolution
		{5FFF4884-C685-4AB6-8206-0B0A4CCF8CE0}.Debug|Any CPU.ActiveCfg = Debug|Any CPU
		{5FFF4884-C685-4AB6-8206-0B0A4CCF8CE0}.Debug|Any CPU.Build.0 = Debug|Any CPU
		{5FFF4884-C685-4AB6-8206-0B0A4CCF8CE0}.Release|Any CPU.ActiveCfg = Release|Any CPU
		{5FFF4884-C685-4AB6-8206-0B0A4CCF8CE0}.Release|Any CPU.Build.0 = Release|Any CPU
		{58F01B03-F0CB-4DF5-B43C-BFCA578975CB}.Debug|Any CPU.ActiveCfg = Debug|Any CPU
		{58F01B03-F0CB-4DF5-B43C-BFCA578975CB}.Debug|Any CPU.Build.0 = Debug|Any CPU
		{58F01B03-F0CB-4DF5-B43C-BFCA578975CB}.Release|Any CPU.ActiveCfg = Release|Any CPU
		{58F01B03-F0CB-4DF5-B43C-BFCA578975CB}.Release|Any CPU.Build.0 = Release|Any CPU
		{CC553DF3-606F-49D1-A75B-03E292FD8CE6}.Debug|Any CPU.ActiveCfg = Debug|Any CPU
		{CC553DF3-606F-49D1-A75B-03E292FD8CE6}.Debug|Any CPU.Build.0 = Debug|Any CPU
		{CC553DF3-606F-49D1-A75B-03E292FD8CE6}.Release|Any CPU.ActiveCfg = Release|Any CPU
		{CC553DF3-606F-49D1-A75B-03E292FD8CE6}.Release|Any CPU.Build.0 = Release|Any CPU
		{DB659B1D-983A-4288-86C5-C117B707CD91}.Debug|Any CPU.ActiveCfg = Debug|Any CPU
		{DB659B1D-983A-4288-86C5-C117B707CD91}.Debug|Any CPU.Build.0 = Debug|Any CPU
		{DB659B1D-983A-4288-86C5-C117B707CD91}.Release|Any CPU.ActiveCfg = Release|Any CPU
		{DB659B1D-983A-4288-86C5-C117B707CD91}.Release|Any CPU.Build.0 = Release|Any CPU
	EndGlobalSection
	GlobalSection(SolutionProperties) = preSolution
		HideSolutionNode = FALSE
	EndGlobalSection
EndGlobal
